{
    "_readme": [
        "This file locks the dependencies of your project to a known state",
        "Read more about it at https://getcomposer.org/doc/01-basic-usage.md#installing-dependencies",
        "This file is @generated automatically"
    ],
    "content-hash": "f6f8a50d9a7dac6c0e2326200d9eb71e",
    "packages": [
        {
            "name": "icebox-php/framework",
            "version": "dev-main",
            "dist": {
                "type": "path",
                "url": "../icebox-framework",
                "reference": "f9646997e5437fd2723b7a10e0a8980912d9303f"
            },
            "require-dev": {
                "phpunit/phpunit": "12.5.3",
                "psy/psysh": "^0.12.17"
            },
            "type": "library",
            "autoload": {
                "files": [
                    "src/helper.php"
                ],
                "psr-4": {
                    "Icebox\\": "src/"
                }
            },
            "autoload-dev": {
                "psr-4": {
                    "Icebox\\Tests\\": "tests/"
                }
            },
            "license": [
                "MIT"
            ],
            "description": "The Icebox Framework.",
            "homepage": "http://torovin.com/icebox",
            "keywords": [
                "framework",
                "icebox"
            ],
            "transport-options": {
                "relative": true
            }
        }
    ],
    "packages-dev": [],
    "aliases": [],
    "minimum-stability": "dev",
    "stability-flags": {
        "icebox-php/framework": 20
    },
    "prefer-stable": true,
    "prefer-lowest": false,
    "platform": {},
    "platform-dev": {},
    "plugin-api-version": "2.9.0"
}
